
Microsoft Visual Studio Solution File, Format Version 12.00
# Visual Studio Version 17
VisualStudioVersion = 17.5.33516.290
MinimumVisualStudioVersion = 10.0.40219.1
Project("{FAE04EC0-301F-11D3-BF4B-00C04F79EFBC}") = "Pizza System", "Pizza System\Pizza System.csproj", "{73013914-1FCB-42FF-A500-DA343B6315F8}"
EndProject
Global
	GlobalSection(SolutionConfigurationPlatforms) = preSolution
		Debug|Any CPU = Debug|Any CPU
		Release|Any CPU = Release|Any CPU
	EndGlobalSection
	GlobalSection(ProjectConfigurationPlatforms) = postSolution
		{73013914-1FCB-42FF-A500-DA343B6315F8}.Debug|Any CPU.ActiveCfg = Debug|Any CPU
		{73013914-1FCB-42FF-A500-DA343B6315F8}.Debug|Any CPU.Build.0 = Debug|Any CPU
		{73013914-1FCB-42FF-A500-DA343B6315F8}.Release|Any CPU.ActiveCfg = Release|Any CPU
		{73013914-1FCB-42FF-A500-DA343B6315F8}.Release|Any CPU.Build.0 = Release|Any CPU
	EndGlobalSection
	GlobalSection(SolutionProperties) = preSolution
		HideSolutionNode = FALSE
	EndGlobalSection
	GlobalSection(ExtensibilityGlobals) = postSolution
		SolutionGuid = {EB024413-57A2-4CF0-840F-DAC5B6C4F207}
	EndGlobalSection
EndGlobal
